// !$*UTF8*$!
{
	archiveVersion = 1;
	classes = {
	};
	objectVersion = 50;
	objects = {

/* Begin PBXBuildFile section */
		8143A16625F50D5A00C7B4B1 /* Japanese_listening_praticeApp.swift in Sources */ = {isa = PBXBuildFile; fileRef = 8143A16525F50D5A00C7B4B1 /* Japanese_listening_praticeApp.swift */; };
		8143A16825F50D5A00C7B4B1 /* ContentView.swift in Sources */ = {isa = PBXBuildFile; fileRef = 8143A16725F50D5A00C7B4B1 /* ContentView.swift */; };
		8143A16A25F50D5B00C7B4B1 /* Assets.xcassets in Resources */ = {isa = PBXBuildFile; fileRef = 8143A16925F50D5B00C7B4B1 /* Assets.xcassets */; };
		8143A16D25F50D5B00C7B4B1 /* Preview Assets.xcassets in Resources */ = {isa = PBXBuildFile; fileRef = 8143A16C25F50D5B00C7B4B1 /* Preview Assets.xcassets */; };
		8143A17925F50D5B00C7B4B1 /* Japanese_listening_praticeTests.swift in Sources */ = {isa = PBXBuildFile; fileRef = 8143A17825F50D5B00C7B4B1 /* Japanese_listening_praticeTests.swift */; };
		8143A18425F50D5B00C7B4B1 /* Japanese_listening_praticeUITests.swift in Sources */ = {isa = PBXBuildFile; fileRef = 8143A18325F50D5B00C7B4B1 /* Japanese_listening_praticeUITests.swift */; };
/* End PBXBuildFile section */

/* Begin PBXContainerItemProxy section */
		8143A17525F50D5B00C7B4B1 /* PBXContainerItemProxy */ = {
			isa = PBXContainerItemProxy;
			containerPortal = 8143A15A25F50D5A00C7B4B1 /* Project object */;
			proxyType = 1;
			remoteGlobalIDString = 8143A16125F50D5A00C7B4B1;
			remoteInfo = "Japanese-listening-pratice";
		};
		8143A18025F50D5B00C7B4B1 /* PBXContainerItemProxy */ = {
			isa = PBXContainerItemProxy;
			containerPortal = 8143A15A25F50D5A00C7B4B1 /* Project object */;
			proxyType = 1;
			remoteGlobalIDString = 8143A16125F50D5A00C7B4B1;
			remoteInfo = "Japanese-listening-pratice";
		};
/* End PBXContainerItemProxy section */

/* Begin PBXFileReference section */
		8143A16225F50D5A00C7B4B1 /* Japanese-listening-pratice.app */ = {isa = PBXFileReference; explicitFileType = wrapper.application; includeInIndex = 0; path = "Japanese-listening-pratice.app"; sourceTree = BUILT_PRODUCTS_DIR; };
		8143A16525F50D5A00C7B4B1 /* Japanese_listening_praticeApp.swift */ = {isa = PBXFileReference; lastKnownFileType = sourcecode.swift; path = Japanese_listening_praticeApp.swift; sourceTree = "<group>"; };
		8143A16725F50D5A00C7B4B1 /* ContentView.swift */ = {isa = PBXFileReference; lastKnownFileType = sourcecode.swift; path = ContentView.swift; sourceTree = "<group>"; };
		8143A16925F50D5B00C7B4B1 /* Assets.xcassets */ = {isa = PBXFileReference; lastKnownFileType = folder.assetcatalog; path = Assets.xcassets; sourceTree = "<group>"; };
		8143A16C25F50D5B00C7B4B1 /* Preview Assets.xcassets */ = {isa = PBXFileReference; lastKnownFileType = folder.assetcatalog; path = "Preview Assets.xcassets"; sourceTree = "<group>"; };
		8143A16E25F50D5B00C7B4B1 /* Info.plist */ = {isa = PBXFileReference; lastKnownFileType = text.plist.xml; path = Info.plist; sourceTree = "<group>"; };
		8143A16F25F50D5B00C7B4B1 /* Japanese_listening_pratice.entitlements */ = {isa = PBXFileReference; lastKnownFileType = text.plist.entitlements; path = Japanese_listening_pratice.entitlements; sourceTree = "<group>"; };
		8143A17425F50D5B00C7B4B1 /* Japanese-listening-praticeTests.xctest */ = {isa = PBXFileReference; explicitFileType = wrapper.cfbundle; includeInIndex = 0; path = "Japanese-listening-praticeTests.xctest"; sourceTree = BUILT_PRODUCTS_DIR; };
		8143A17825F50D5B00C7B4B1 /* Japanese_listening_praticeTests.swift */ = {isa = PBXFileReference; lastKnownFileType = sourcecode.swift; path = Japanese_listening_praticeTests.swift; sourceTree = "<group>"; };
		8143A17A25F50D5B00C7B4B1 /* Info.plist */ = {isa = PBXFileReference; lastKnownFileType = text.plist.xml; path = Info.plist; sourceTree = "<group>"; };
		8143A17F25F50D5B00C7B4B1 /* Japanese-listening-praticeUITests.xctest */ = {isa = PBXFileReference; explicitFileType = wrapper.cfbundle; includeInIndex = 0; path = "Japanese-listening-praticeUITests.xctest"; sourceTree = BUILT_PRODUCTS_DIR; };
		8143A18325F50D5B00C7B4B1 /* Japanese_listening_praticeUITests.swift */ = {isa = PBXFileReference; lastKnownFileType = sourcecode.swift; path = Japanese_listening_praticeUITests.swift; sourceTree = "<group>"; };
		8143A18525F50D5B00C7B4B1 /* Info.plist */ = {isa = PBXFileReference; lastKnownFileType = text.plist.xml; path = Info.plist; sourceTree = "<group>"; };
/* End PBXFileReference section */

/* Begin PBXFrameworksBuildPhase section */
		8143A15F25F50D5A00C7B4B1 /* Frameworks */ = {
			isa = PBXFrameworksBuildPhase;
			buildActionMask = 2147483647;
			files = (
			);
			runOnlyForDeploymentPostprocessing = 0;
		};
		8143A17125F50D5B00C7B4B1 /* Frameworks */ = {
			isa = PBXFrameworksBuildPhase;
			buildActionMask = 2147483647;
			files = (
			);
			runOnlyForDeploymentPostprocessing = 0;
		};
		8143A17C25F50D5B00C7B4B1 /* Frameworks */ = {
			isa = PBXFrameworksBuildPhase;
			buildActionMask = 2147483647;
			files = (
			);
			runOnlyForDeploymentPostprocessing = 0;
		};
/* End PBXFrameworksBuildPhase section */

/* Begin PBXGroup section */
		8143A15925F50D5A00C7B4B1 = {
			isa = PBXGroup;
			children = (
				8143A16425F50D5A00C7B4B1 /* Japanese-listening-pratice */,
				8143A17725F50D5B00C7B4B1 /* Japanese-listening-praticeTests */,
				8143A18225F50D5B00C7B4B1 /* Japanese-listening-praticeUITests */,
				8143A16325F50D5A00C7B4B1 /* Products */,
			);
			sourceTree = "<group>";
		};
		8143A16325F50D5A00C7B4B1 /* Products */ = {
			isa = PBXGroup;
			children = (
				8143A16225F50D5A00C7B4B1 /* Japanese-listening-pratice.app */,
				8143A17425F50D5B00C7B4B1 /* Japanese-listening-praticeTests.xctest */,
				8143A17F25F50D5B00C7B4B1 /* Japanese-listening-praticeUITests.xctest */,
			);
			name = Products;
			sourceTree = "<group>";
		};
		8143A16425F50D5A00C7B4B1 /* Japanese-listening-pratice */ = {
			isa = PBXGroup;
			children = (
				8143A16525F50D5A00C7B4B1 /* Japanese_listening_praticeApp.swift */,
				8143A16725F50D5A00C7B4B1 /* ContentView.swift */,
				8143A16925F50D5B00C7B4B1 /* Assets.xcassets */,
				8143A16E25F50D5B00C7B4B1 /* Info.plist */,
				8143A16F25F50D5B00C7B4B1 /* Japanese_listening_pratice.entitlements */,
				8143A16B25F50D5B00C7B4B1 /* Preview Content */,
			);
			path = "Japanese-listening-pratice";
			sourceTree = "<group>";
		};
		8143A16B25F50D5B00C7B4B1 /* Preview Content */ = {
			isa = PBXGroup;
			children = (
				8143A16C25F50D5B00C7B4B1 /* Preview Assets.xcassets */,
			);
			path = "Preview Content";
			sourceTree = "<group>";
		};
		8143A17725F50D5B00C7B4B1 /* Japanese-listening-praticeTests */ = {
			isa = PBXGroup;
			children = (
				8143A17825F50D5B00C7B4B1 /* Japanese_listening_praticeTests.swift */,
				8143A17A25F50D5B00C7B4B1 /* Info.plist */,
			);
			path = "Japanese-listening-praticeTests";
			sourceTree = "<group>";
		};
		8143A18225F50D5B00C7B4B1 /* Japanese-listening-praticeUITests */ = {
			isa = PBXGroup;
			children = (
				8143A18325F50D5B00C7B4B1 /* Japanese_listening_praticeUITests.swift */,
				8143A18525F50D5B00C7B4B1 /* Info.plist */,
			);
			path = "Japanese-listening-praticeUITests";
			sourceTree = "<group>";
		};
/* End PBXGroup section */

/* Begin PBXNativeTarget section */
		8143A16125F50D5A00C7B4B1 /* Japanese-listening-pratice */ = {
			isa = PBXNativeTarget;
			buildConfigurationList = 8143A18825F50D5B00C7B4B1 /* Build configuration list for PBXNativeTarget "Japanese-listening-pratice" */;
			buildPhases = (
				8143A15E25F50D5A00C7B4B1 /* Sources */,
				8143A15F25F50D5A00C7B4B1 /* Frameworks */,
				8143A16025F50D5A00C7B4B1 /* Resources */,
			);
			buildRules = (
			);
			dependencies = (
			);
			name = "Japanese-listening-pratice";
			productName = "Japanese-listening-pratice";
			productReference = 8143A16225F50D5A00C7B4B1 /* Japanese-listening-pratice.app */;
			productType = "com.apple.product-type.application";
		};
		8143A17325F50D5B00C7B4B1 /* Japanese-listening-praticeTests */ = {
			isa = PBXNativeTarget;
			buildConfigurationList = 8143A18B25F50D5B00C7B4B1 /* Build configuration list for PBXNativeTarget "Japanese-listening-praticeTests" */;
			buildPhases = (
				8143A17025F50D5B00C7B4B1 /* Sources */,
				8143A17125F50D5B00C7B4B1 /* Frameworks */,
				8143A17225F50D5B00C7B4B1 /* Resources */,
			);
			buildRules = (
			);
			dependencies = (
				8143A17625F50D5B00C7B4B1 /* PBXTargetDependency */,
			);
			name = "Japanese-listening-praticeTests";
			productName = "Japanese-listening-praticeTests";
			productReference = 8143A17425F50D5B00C7B4B1 /* Japanese-listening-praticeTests.xctest */;
			productType = "com.apple.product-type.bundle.unit-test";
		};
		8143A17E25F50D5B00C7B4B1 /* Japanese-listening-praticeUITests */ = {
			isa = PBXNativeTarget;
			buildConfigurationList = 8143A18E25F50D5B00C7B4B1 /* Build configuration list for PBXNativeTarget "Japanese-listening-praticeUITests" */;
			buildPhases = (
				8143A17B25F50D5B00C7B4B1 /* Sources */,
				8143A17C25F50D5B00C7B4B1 /* Frameworks */,
				8143A17D25F50D5B00C7B4B1 /* Resources */,
			);
			buildRules = (
			);
			dependencies = (
				8143A18125F50D5B00C7B4B1 /* PBXTargetDependency */,
			);
			name = "Japanese-listening-praticeUITests";
			productName = "Japanese-listening-praticeUITests";
			productReference = 8143A17F25F50D5B00C7B4B1 /* Japanese-listening-praticeUITests.xctest */;
			productType = "com.apple.product-type.bundle.ui-testing";
		};
/* End PBXNativeTarget section */

/* Begin PBXProject section */
		8143A15A25F50D5A00C7B4B1 /* Project object */ = {
			isa = PBXProject;
			attributes = {
				LastSwiftUpdateCheck = 1240;
				LastUpgradeCheck = 1240;
				TargetAttributes = {
					8143A16125F50D5A00C7B4B1 = {
						CreatedOnToolsVersion = 12.4;
					};
					8143A17325F50D5B00C7B4B1 = {
						CreatedOnToolsVersion = 12.4;
						TestTargetID = 8143A16125F50D5A00C7B4B1;
					};
					8143A17E25F50D5B00C7B4B1 = {
						CreatedOnToolsVersion = 12.4;
						TestTargetID = 8143A16125F50D5A00C7B4B1;
					};
				};
			};
			buildConfigurationList = 8143A15D25F50D5A00C7B4B1 /* Build configuration list for PBXProject "Japanese-listening-pratice" */;
			compatibilityVersion = "Xcode 9.3";
			developmentRegion = en;
			hasScannedForEncodings = 0;
			knownRegions = (
				en,
				Base,
			);
			mainGroup = 8143A15925F50D5A00C7B4B1;
			productRefGroup = 8143A16325F50D5A00C7B4B1 /* Products */;
			projectDirPath = "";
			projectRoot = "";
			targets = (
				8143A16125F50D5A00C7B4B1 /* Japanese-listening-pratice */,
				8143A17325F50D5B00C7B4B1 /* Japanese-listening-praticeTests */,
				8143A17E25F50D5B00C7B4B1 /* Japanese-listening-praticeUITests */,
			);
		};
/* End PBXProject section */

/* Begin PBXResourcesBuildPhase section */
		8143A16025F50D5A00C7B4B1 /* Resources */ = {
			isa = PBXResourcesBuildPhase;
			buildActionMask = 2147483647;
			files = (
				8143A16D25F50D5B00C7B4B1 /* Preview Assets.xcassets in Resources */,
				8143A16A25F50D5B00C7B4B1 /* Assets.xcassets in Resources */,
			);
			runOnlyForDeploymentPostprocessing = 0;
		};
		8143A17225F50D5B00C7B4B1 /* Resources */ = {
			isa = PBXResourcesBuildPhase;
			buildActionMask = 2147483647;
			files = (
			);
			runOnlyForDeploymentPostprocessing = 0;
		};
		8143A17D25F50D5B00C7B4B1 /* Resources */ = {
			isa = PBXResourcesBuildPhase;
			buildActionMask = 2147483647;
			files = (
			);
			runOnlyForDeploymentPostprocessing = 0;
		};
/* End PBXResourcesBuildPhase section */

/* Begin PBXSourcesBuildPhase section */
		8143A15E25F50D5A00C7B4B1 /* Sources */ = {
			isa = PBXSourcesBuildPhase;
			buildActionMask = 2147483647;
			files = (
				8143A16825F50D5A00C7B4B1 /* ContentView.swift in Sources */,
				8143A16625F50D5A00C7B4B1 /* Japanese_listening_praticeApp.swift in Sources */,
			);
			runOnlyForDeploymentPostprocessing = 0;
		};
		8143A17025F50D5B00C7B4B1 /* Sources */ = {
			isa = PBXSourcesBuildPhase;
			buildActionMask = 2147483647;
			files = (
				8143A17925F50D5B00C7B4B1 /* Japanese_listening_praticeTests.swift in Sources */,
			);
			runOnlyForDeploymentPostprocessing = 0;
		};
		8143A17B25F50D5B00C7B4B1 /* Sources */ = {
			isa = PBXSourcesBuildPhase;
			buildActionMask = 2147483647;
			files = (
				8143A18425F50D5B00C7B4B1 /* Japanese_listening_praticeUITests.swift in Sources */,
			);
			runOnlyForDeploymentPostprocessing = 0;
		};
/* End PBXSourcesBuildPhase section */

/* Begin PBXTargetDependency section */
		8143A17625F50D5B00C7B4B1 /* PBXTargetDependency */ = {
			isa = PBXTargetDependency;
			target = 8143A16125F50D5A00C7B4B1 /* Japanese-listening-pratice */;
			targetProxy = 8143A17525F50D5B00C7B4B1 /* PBXContainerItemProxy */;
		};
		8143A18125F50D5B00C7B4B1 /* PBXTargetDependency */ = {
			isa = PBXTargetDependency;
			target = 8143A16125F50D5A00C7B4B1 /* Japanese-listening-pratice */;
			targetProxy = 8143A18025F50D5B00C7B4B1 /* PBXContainerItemProxy */;
		};
/* End PBXTargetDependency section */

/* Begin XCBuildConfiguration section */
		8143A18625F50D5B00C7B4B1 /* Debug */ = {
			isa = XCBuildConfiguration;
			buildSettings = {
				ALWAYS_SEARCH_USER_PATHS = NO;
				CLANG_ANALYZER_NONNULL = YES;
				CLANG_ANALYZER_NUMBER_OBJECT_CONVERSION = YES_AGGRESSIVE;
				CLANG_CXX_LANGUAGE_STANDARD = "gnu++14";
				CLANG_CXX_LIBRARY = "libc++";
				CLANG_ENABLE_MODULES = YES;
				CLANG_ENABLE_OBJC_ARC = YES;
				CLANG_ENABLE_OBJC_WEAK = YES;
				CLANG_WARN_BLOCK_CAPTURE_AUTORELEASING = YES;
				CLANG_WARN_BOOL_CONVERSION = YES;
				CLANG_WARN_COMMA = YES;
				CLANG_WARN_CONSTANT_CONVERSION = YES;
				CLANG_WARN_DEPRECATED_OBJC_IMPLEMENTATIONS = YES;
				CLANG_WARN_DIRECT_OBJC_ISA_USAGE = YES_ERROR;
				CLANG_WARN_DOCUMENTATION_COMMENTS = YES;
				CLANG_WARN_EMPTY_BODY = YES;
				CLANG_WARN_ENUM_CONVERSION = YES;
				CLANG_WARN_INFINITE_RECURSION = YES;
				CLANG_WARN_INT_CONVERSION = YES;
				CLANG_WARN_NON_LITERAL_NULL_CONVERSION = YES;
				CLANG_WARN_OBJC_IMPLICIT_RETAIN_SELF = YES;
				CLANG_WARN_OBJC_LITERAL_CONVERSION = YES;
				CLANG_WARN_OBJC_ROOT_CLASS = YES_ERROR;
				CLANG_WARN_QUOTED_INCLUDE_IN_FRAMEWORK_HEADER = YES;
				CLANG_WARN_RANGE_LOOP_ANALYSIS = YES;
				CLANG_WARN_STRICT_PROTOTYPES = YES;
				CLANG_WARN_SUSPICIOUS_MOVE = YES;
				CLANG_WARN_UNGUARDED_AVAILABILITY = YES_AGGRESSIVE;
				CLANG_WARN_UNREACHABLE_CODE = YES;
				CLANG_WARN__DUPLICATE_METHOD_MATCH = YES;
				COPY_PHASE_STRIP = NO;
				DEBUG_INFORMATION_FORMAT = dwarf;
				ENABLE_STRICT_OBJC_MSGSEND = YES;
				ENABLE_TESTABILITY = YES;
				GCC_C_LANGUAGE_STANDARD = gnu11;
				GCC_DYNAMIC_NO_PIC = NO;
				GCC_NO_COMMON_BLOCKS = YES;
				GCC_OPTIMIZATION_LEVEL = 0;
				GCC_PREPROCESSOR_DEFINITIONS = (
					"DEBUG=1",
					"$(inherited)",
				);
				GCC_WARN_64_TO_32_BIT_CONVERSION = YES;
				GCC_WARN_ABOUT_RETURN_TYPE = YES_ERROR;
				GCC_WARN_UNDECLARED_SELECTOR = YES;
				GCC_WARN_UNINITIALIZED_AUTOS = YES_AGGRESSIVE;
				GCC_WARN_UNUSED_FUNCTION = YES;
				GCC_WARN_UNUSED_VARIABLE = YES;
				MACOSX_DEPLOYMENT_TARGET = 11.1;
				MTL_ENABLE_DEBUG_INFO = INCLUDE_SOURCE;
				MTL_FAST_MATH = YES;
				ONLY_ACTIVE_ARCH = YES;
				SDKROOT = macosx;
				SWIFT_ACTIVE_COMPILATION_CONDITIONS = DEBUG;
				SWIFT_OPTIMIZATION_LEVEL = "-Onone";
			};
			name = Debug;
		};
		8143A18725F50D5B00C7B4B1 /* Release */ = {
			isa = XCBuildConfiguration;
			buildSettings = {
				ALWAYS_SEARCH_USER_PATHS = NO;
				CLANG_ANALYZER_NONNULL = YES;
				CLANG_ANALYZER_NUMBER_OBJECT_CONVERSION = YES_AGGRESSIVE;
				CLANG_CXX_LANGUAGE_STANDARD = "gnu++14";
				CLANG_CXX_LIBRARY = "libc++";
				CLANG_ENABLE_MODULES = YES;
				CLANG_ENABLE_OBJC_ARC = YES;
				CLANG_ENABLE_OBJC_WEAK = YES;
				CLANG_WARN_BLOCK_CAPTURE_AUTORELEASING = YES;
				CLANG_WARN_BOOL_CONVERSION = YES;
				CLANG_WARN_COMMA = YES;
				CLANG_WARN_CONSTANT_CONVERSION = YES;
				CLANG_WARN_DEPRECATED_OBJC_IMPLEMENTATIONS = YES;
				CLANG_WARN_DIRECT_OBJC_ISA_USAGE = YES_ERROR;
				CLANG_WARN_DOCUMENTATION_COMMENTS = YES;
				CLANG_WARN_EMPTY_BODY = YES;
				CLANG_WARN_ENUM_CONVERSION = YES;
				CLANG_WARN_INFINITE_RECURSION = YES;
				CLANG_WARN_INT_CONVERSION = YES;
				CLANG_WARN_NON_LITERAL_NULL_CONVERSION = YES;
				CLANG_WARN_OBJC_IMPLICIT_RETAIN_SELF = YES;
				CLANG_WARN_OBJC_LITERAL_CONVERSION = YES;
				CLANG_WARN_OBJC_ROOT_CLASS = YES_ERROR;
				CLANG_WARN_QUOTED_INCLUDE_IN_FRAMEWORK_HEADER = YES;
				CLANG_WARN_RANGE_LOOP_ANALYSIS = YES;
				CLANG_WARN_STRICT_PROTOTYPES = YES;
				CLANG_WARN_SUSPICIOUS_MOVE = YES;
				CLANG_WARN_UNGUARDED_AVAILABILITY = YES_AGGRESSIVE;
				CLANG_WARN_UNREACHABLE_CODE = YES;
				CLANG_WARN__DUPLICATE_METHOD_MATCH = YES;
				COPY_PHASE_STRIP = NO;
				DEBUG_INFORMATION_FORMAT = "dwarf-with-dsym";
				ENABLE_NS_ASSERTIONS = NO;
				ENABLE_STRICT_OBJC_MSGSEND = YES;
				GCC_C_LANGUAGE_STANDARD = gnu11;
				GCC_NO_COMMON_BLOCKS = YES;
				GCC_WARN_64_TO_32_BIT_CONVERSION = YES;
				GCC_WARN_ABOUT_RETURN_TYPE = YES_ERROR;
				GCC_WARN_UNDECLARED_SELECTOR = YES;
				GCC_WARN_UNINITIALIZED_AUTOS = YES_AGGRESSIVE;
				GCC_WARN_UNUSED_FUNCTION = YES;
				GCC_WARN_UNUSED_VARIABLE = YES;
				MACOSX_DEPLOYMENT_TARGET = 11.1;
				MTL_ENABLE_DEBUG_INFO = NO;
				MTL_FAST_MATH = YES;
				SDKROOT = macosx;
				SWIFT_COMPILATION_MODE = wholemodule;
				SWIFT_OPTIMIZATION_LEVEL = "-O";
			};
			name = Release;
		};
		8143A18925F50D5B00C7B4B1 /* Debug */ = {
			isa = XCBuildConfiguration;
			buildSettings = {
				ASSETCATALOG_COMPILER_APPICON_NAME = AppIcon;
				ASSETCATALOG_COMPILER_GLOBAL_ACCENT_COLOR_NAME = AccentColor;
				CODE_SIGN_ENTITLEMENTS = "Japanese-listening-pratice/Japanese_listening_pratice.entitlements";
				CODE_SIGN_STYLE = Automatic;
				COMBINE_HIDPI_IMAGES = YES;
				DEVELOPMENT_ASSET_PATHS = "\"Japanese-listening-pratice/Preview Content\"";
				ENABLE_PREVIEWS = YES;
				INFOPLIST_FILE = "Japanese-listening-pratice/Info.plist";
				LD_RUNPATH_SEARCH_PATHS = (
					"$(inherited)",
					"@executable_path/../Frameworks",
				);
				MACOSX_DEPLOYMENT_TARGET = 11.0;
				PRODUCT_BUNDLE_IDENTIFIER = "Victor-Lau.Japanese-listening-pratice";
				PRODUCT_NAME = "$(TARGET_NAME)";
				SWIFT_VERSION = 5.0;
			};
			name = Debug;
		};
		8143A18A25F50D5B00C7B4B1 /* Release */ = {
			isa = XCBuildConfiguration;
			buildSettings = {
				ASSETCATALOG_COMPILER_APPICON_NAME = AppIcon;
				ASSETCATALOG_COMPILER_GLOBAL_ACCENT_COLOR_NAME = AccentColor;
				CODE_SIGN_ENTITLEMENTS = "Japanese-listening-pratice/Japanese_listening_pratice.entitlements";
				CODE_SIGN_STYLE = Automatic;
				COMBINE_HIDPI_IMAGES = YES;
				DEVELOPMENT_ASSET_PATHS = "\"Japanese-listening-pratice/Preview Content\"";
				ENABLE_PREVIEWS = YES;
				INFOPLIST_FILE = "Japanese-listening-pratice/Info.plist";
				LD_RUNPATH_SEARCH_PATHS = (
					"$(inherited)",
					"@executable_path/../Frameworks",
				);
				MACOSX_DEPLOYMENT_TARGET = 11.0;
				PRODUCT_BUNDLE_IDENTIFIER = "Victor-Lau.Japanese-listening-pratice";
				PRODUCT_NAME = "$(TARGET_NAME)";
				SWIFT_VERSION = 5.0;
			};
			name = Release;
		};
		8143A18C25F50D5B00C7B4B1 /* Debug */ = {
			isa = XCBuildConfiguration;
			buildSettings = {
				ALWAYS_EMBED_SWIFT_STANDARD_LIBRARIES = YES;
				BUNDLE_LOADER = "$(TEST_HOST)";
				CODE_SIGN_STYLE = Automatic;
				COMBINE_HIDPI_IMAGES = YES;
				INFOPLIST_FILE = "Japanese-listening-praticeTests/Info.plist";
				LD_RUNPATH_SEARCH_PATHS = (
					"$(inherited)",
					"@executable_path/../Frameworks",
					"@loader_path/../Frameworks",
				);
				MACOSX_DEPLOYMENT_TARGET = 11.0;
				PRODUCT_BUNDLE_IDENTIFIER = "Victor-Lau.Japanese-listening-praticeTests";
				PRODUCT_NAME = "$(TARGET_NAME)";
				SWIFT_VERSION = 5.0;
				TEST_HOST = "$(BUILT_PRODUCTS_DIR)/Japanese-listening-pratice.app/Contents/MacOS/Japanese-listening-pratice";
			};
			name = Debug;
		};
		8143A18D25F50D5B00C7B4B1 /* Release */ = {
			isa = XCBuildConfiguration;
			buildSettings = {
				ALWAYS_EMBED_SWIFT_STANDARD_LIBRARIES = YES;
				BUNDLE_LOADER = "$(TEST_HOST)";
				CODE_SIGN_STYLE = Automatic;
				COMBINE_HIDPI_IMAGES = YES;
				INFOPLIST_FILE = "Japanese-listening-praticeTests/Info.plist";
				LD_RUNPATH_SEARCH_PATHS = (
					"$(inherited)",
					"@executable_path/../Frameworks",
					"@loader_path/../Frameworks",
				);
				MACOSX_DEPLOYMENT_TARGET = 11.0;
				PRODUCT_BUNDLE_IDENTIFIER = "Victor-Lau.Japanese-listening-praticeTests";
				PRODUCT_NAME = "$(TARGET_NAME)";
				SWIFT_VERSION = 5.0;
				TEST_HOST = "$(BUILT_PRODUCTS_DIR)/Japanese-listening-pratice.app/Contents/MacOS/Japanese-listening-pratice";
			};
			name = Release;
		};
		8143A18F25F50D5B00C7B4B1 /* Debug */ = {
			isa = XCBuildConfiguration;
			buildSettings = {
				ALWAYS_EMBED_SWIFT_STANDARD_LIBRARIES = YES;
				CODE_SIGN_STYLE = Automatic;
				COMBINE_HIDPI_IMAGES = YES;
				INFOPLIST_FILE = "Japanese-listening-praticeUITests/Info.plist";
				LD_RUNPATH_SEARCH_PATHS = (
					"$(inherited)",
					"@executable_path/../Frameworks",
					"@loader_path/../Frameworks",
				);
				PRODUCT_BUNDLE_IDENTIFIER = "Victor-Lau.Japanese-listening-praticeUITests";
				PRODUCT_NAME = "$(TARGET_NAME)";
				SWIFT_VERSION = 5.0;
				TEST_TARGET_NAME = "Japanese-listening-pratice";
			};
			name = Debug;
		};
		8143A19025F50D5B00C7B4B1 /* Release */ = {
			isa = XCBuildConfiguration;
			buildSettings = {
				ALWAYS_EMBED_SWIFT_STANDARD_LIBRARIES = YES;
				CODE_SIGN_STYLE = Automatic;
				COMBINE_HIDPI_IMAGES = YES;
				INFOPLIST_FILE = "Japanese-listening-praticeUITests/Info.plist";
				LD_RUNPATH_SEARCH_PATHS = (
					"$(inherited)",
					"@executable_path/../Frameworks",
					"@loader_path/../Frameworks",
				);
				PRODUCT_BUNDLE_IDENTIFIER = "Victor-Lau.Japanese-listening-praticeUITests";
				PRODUCT_NAME = "$(TARGET_NAME)";
				SWIFT_VERSION = 5.0;
				TEST_TARGET_NAME = "Japanese-listening-pratice";
			};
			name = Release;
		};
/* End XCBuildConfiguration section */

/* Begin XCConfigurationList section */
		8143A15D25F50D5A00C7B4B1 /* Build configuration list for PBXProject "Japanese-listening-pratice" */ = {
			isa = XCConfigurationList;
			buildConfigurations = (
				8143A18625F50D5B00C7B4B1 /* Debug */,
				8143A18725F50D5B00C7B4B1 /* Release */,
			);
			defaultConfigurationIsVisible = 0;
			defaultConfigurationName = Release;
		};
		8143A18825F50D5B00C7B4B1 /* Build configuration list for PBXNativeTarget "Japanese-listening-pratice" */ = {
			isa = XCConfigurationList;
			buildConfigurations = (
				8143A18925F50D5B00C7B4B1 /* Debug */,
				8143A18A25F50D5B00C7B4B1 /* Release */,
			);
			defaultConfigurationIsVisible = 0;
			defaultConfigurationName = Release;
		};
		8143A18B25F50D5B00C7B4B1 /* Build configuration list for PBXNativeTarget "Japanese-listening-praticeTests" */ = {
			isa = XCConfigurationList;
			buildConfigurations = (
				8143A18C25F50D5B00C7B4B1 /* Debug */,
				8143A18D25F50D5B00C7B4B1 /* Release */,
			);
			defaultConfigurationIsVisible = 0;
			defaultConfigurationName = Release;
		};
		8143A18E25F50D5B00C7B4B1 /* Build configuration list for PBXNativeTarget "Japanese-listening-praticeUITests" */ = {
			isa = XCConfigurationList;
			buildConfigurations = (
				8143A18F25F50D5B00C7B4B1 /* Debug */,
				8143A19025F50D5B00C7B4B1 /* Release */,
			);
			defaultConfigurationIsVisible = 0;
			defaultConfigurationName = Release;
		};
/* End XCConfigurationList section */
	};
	rootObject = 8143A15A25F50D5A00C7B4B1 /* Project object */;
}
